version = 1
revision = 3
requires-python = ">=3.13"

[[package]]
name = "logic-music-compression"
version = "0.1.0"
source = { virtual = "." }
dependencies = [
    { name = "pynbs" },
]

[package.metadata]
requires-dist = [{ name = "pynbs", specifier = ">=1.1.0" }]

[[package]]
name = "pynbs"
version = "1.1.0"
source = { registry = "https://mirrors.aliyun.com/pypi/simple" }
sdist = { url = "https://mirrors.aliyun.com/pypi/packages/f2/25/7414ef9db71f6edad03b4c527c9c8c57e9ec6c0fab3768b3216c994ca278/pynbs-1.1.0.tar.gz", hash = "sha256:bc883de0b32dceaccf606b74d7a99a3ee7522d147bde3d8d3742ec0401b21759" }
wheels = [
    { url = "https://mirrors.aliyun.com/pypi/packages/70/5c/8e9904201812d8319345566ada8b24bbba5a7e1d36b4d16d618ec0f7be97/pynbs-1.1.0-py3-none-any.whl", hash = "sha256:1b25d2497af0f70e294a093ddef063d612baeb77fef0110cdf84638815061366" },
]
